Microsoft Visual Studio Solution File, Format Version 12.00
# Visual Studio Version 17
VisualStudioVersion = 17.5.2.0
MinimumVisualStudioVersion = 10.0.40219.1
Project("{2150E333-8FDC-42A3-9474-1A3956D46DE8}") = "System", "System", "{73BA62BB-2B41-2DC4-C714-51B3D4C2A215}"
EndProject
Project("{FAE04EC0-301F-11D3-BF4B-00C04F79EFBC}") = "MainServer", "System\MainServer\MainServer.csproj", "{B1AA6079-EB96-6281-B245-4DB76E28B62D}"
EndProject
Global
	GlobalSection(SolutionConfigurationPlatforms) = preSolution
		Debug|Any CPU = Debug|Any CPU
		Release|Any CPU = Release|Any CPU
	EndGlobalSection
	GlobalSection(ProjectConfigurationPlatforms) = postSolution
		{B1AA6079-EB96-6281-B245-4DB76E28B62D}.Debug|Any CPU.ActiveCfg = Debug|Any CPU
		{B1AA6079-EB96-6281-B245-4DB76E28B62D}.Debug|Any CPU.Build.0 = Debug|Any CPU
		{B1AA6079-EB96-6281-B245-4DB76E28B62D}.Release|Any CPU.ActiveCfg = Release|Any CPU
		{B1AA6079-EB96-6281-B245-4DB76E28B62D}.Release|Any CPU.Build.0 = Release|Any CPU
	EndGlobalSection
	GlobalSection(SolutionProperties) = preSolution
		HideSolutionNode = FALSE
	EndGlobalSection
	GlobalSection(NestedProjects) = preSolution
		{B1AA6079-EB96-6281-B245-4DB76E28B62D} = {73BA62BB-2B41-2DC4-C714-51B3D4C2A215}
	EndGlobalSection
	GlobalSection(ExtensibilityGlobals) = postSolution
		SolutionGuid = {BF4E2118-309C-4574-9E17-6ED66C7DB059}
	EndGlobalSection
EndGlobal
